
Microsoft Visual Studio Solution File, Format Version 12.00
# Visual Studio Version 16
VisualStudioVersion = 16.0.31025.194
MinimumVisualStudioVersion = 10.0.40219.1
Project("{FAE04EC0-301F-11D3-BF4B-00C04F79EFBC}") = "1-DosyaIslemleri", "DosyaIslemleri\1-DosyaIslemleri.csproj", "{389B859D-A0E5-4A4B-9ED1-CC8ED439D4C3}"
EndProject
Project("{FAE04EC0-301F-11D3-BF4B-00C04F79EFBC}") = "2-MetinBelgesi", "2-MetinBelgesi\2-MetinBelgesi.csproj", "{50D769E3-A00E-4F72-A37C-91A5716D590F}"
EndProject
Project("{FAE04EC0-301F-11D3-BF4B-00C04F79EFBC}") = "3-MetinBelgesiOkuma", "3-MetinBelgesiOkuma\3-MetinBelgesiOkuma.csproj", "{39E29858-F42B-4D4D-96C9-32F8D2A213B2}"
EndProject
Project("{FAE04EC0-301F-11D3-BF4B-00C04F79EFBC}") = "4-MetinBelgesineVeriKaydetme", "4-MetinBelgesineVeriKaydetme\4-MetinBelgesineVeriKaydetme.csproj", "{66927FA9-AF53-44BC-87CE-27D1702BD539}"
EndProject
Project("{FAE04EC0-301F-11D3-BF4B-00C04F79EFBC}") = "5-PDFOkuma_Axacropdf_Araci", "PDFOkuma_Axacropdf_Araci\5-PDFOkuma_Axacropdf_Araci.csproj", "{494F3A02-3E47-40E8-9FD4-EAAA2A849E52}"
EndProject
Global
	GlobalSection(SolutionConfigurationPlatforms) = preSolution
		Debug|Any CPU = Debug|Any CPU
		Release|Any CPU = Release|Any CPU
	EndGlobalSection
	GlobalSection(ProjectConfigurationPlatforms) = postSolution
		{389B859D-A0E5-4A4B-9ED1-CC8ED439D4C3}.Debug|Any CPU.ActiveCfg = Debug|Any CPU
		{389B859D-A0E5-4A4B-9ED1-CC8ED439D4C3}.Debug|Any CPU.Build.0 = Debug|Any CPU
		{389B859D-A0E5-4A4B-9ED1-CC8ED439D4C3}.Release|Any CPU.ActiveCfg = Release|Any CPU
		{389B859D-A0E5-4A4B-9ED1-CC8ED439D4C3}.Release|Any CPU.Build.0 = Release|Any CPU
		{50D769E3-A00E-4F72-A37C-91A5716D590F}.Debug|Any CPU.ActiveCfg = Debug|Any CPU
		{50D769E3-A00E-4F72-A37C-91A5716D590F}.Debug|Any CPU.Build.0 = Debug|Any CPU
		{50D769E3-A00E-4F72-A37C-91A5716D590F}.Release|Any CPU.ActiveCfg = Release|Any CPU
		{50D769E3-A00E-4F72-A37C-91A5716D590F}.Release|Any CPU.Build.0 = Release|Any CPU
		{39E29858-F42B-4D4D-96C9-32F8D2A213B2}.Debug|Any CPU.ActiveCfg = Debug|Any CPU
		{39E29858-F42B-4D4D-96C9-32F8D2A213B2}.Debug|Any CPU.Build.0 = Debug|Any CPU
		{39E29858-F42B-4D4D-96C9-32F8D2A213B2}.Release|Any CPU.ActiveCfg = Release|Any CPU
		{39E29858-F42B-4D4D-96C9-32F8D2A213B2}.Release|Any CPU.Build.0 = Release|Any CPU
		{66927FA9-AF53-44BC-87CE-27D1702BD539}.Debug|Any CPU.ActiveCfg = Debug|Any CPU
		{66927FA9-AF53-44BC-87CE-27D1702BD539}.Debug|Any CPU.Build.0 = Debug|Any CPU
		{66927FA9-AF53-44BC-87CE-27D1702BD539}.Release|Any CPU.ActiveCfg = Release|Any CPU
		{66927FA9-AF53-44BC-87CE-27D1702BD539}.Release|Any CPU.Build.0 = Release|Any CPU
		{494F3A02-3E47-40E8-9FD4-EAAA2A849E52}.Debug|Any CPU.ActiveCfg = Debug|Any CPU
		{494F3A02-3E47-40E8-9FD4-EAAA2A849E52}.Debug|Any CPU.Build.0 = Debug|Any CPU
		{494F3A02-3E47-40E8-9FD4-EAAA2A849E52}.Release|Any CPU.ActiveCfg = Release|Any CPU
		{494F3A02-3E47-40E8-9FD4-EAAA2A849E52}.Release|Any CPU.Build.0 = Release|Any CPU
	EndGlobalSection
	GlobalSection(SolutionProperties) = preSolution
		HideSolutionNode = FALSE
	EndGlobalSection
	GlobalSection(ExtensibilityGlobals) = postSolution
		SolutionGuid = {9475A8B6-CE5D-4D95-AA0B-5A43BB94B642}
	EndGlobalSection
EndGlobal
